# This file was autogenerated by Stack.
# You should not edit this file by hand.
# For more information, please see the documentation at:
#   https://docs.haskellstack.org/en/stable/lock_files

packages:
- completed:
    hackage: timers-updatable-0.2.0.2@sha256:8dc262bb1324c02eae4251f2b0f78109d1a6133754d5ae845778908abda43858,946
    pantry-tree:
      sha256: 54f276f79be8ffff4aa0d3b290e3d9b3ebbb0feb5a2ec889a413ce92d235d042
      size: 295
  original:
    hackage: timers-updatable-0.2.0.2@sha256:8dc262bb1324c02eae4251f2b0f78109d1a6133754d5ae845778908abda43858,946
snapshots:
- completed:
    sha256: b73b2b116143aea728c70e65c3239188998bac5bc3be56465813dacd74215dc5
    size: 648424
    url: https://raw.githubusercontent.com/commercialhaskell/stackage-snapshots/master/lts/20/1.yaml
  original: lts-20.1
