# This file was autogenerated by Stack.
# You should not edit this file by hand.
# For more information, please see the documentation at:
#   https://docs.haskellstack.org/en/stable/lock_files

packages:
- completed:
    hackage: timers-updatable-0.2.0.2@sha256:8dc262bb1324c02eae4251f2b0f78109d1a6133754d5ae845778908abda43858,946
    pantry-tree:
      sha256: 54f276f79be8ffff4aa0d3b290e3d9b3ebbb0feb5a2ec889a413ce92d235d042
      size: 295
  original:
    hackage: timers-updatable-0.2.0.2@sha256:8dc262bb1324c02eae4251f2b0f78109d1a6133754d5ae845778908abda43858,946
snapshots:
- completed:
    sha256: 5cacb39a2c21842535dc0a31e2005d3b1eb18e451a89d58c28381e1efdb9520f
    size: 647983
    url: https://raw.githubusercontent.com/commercialhaskell/stackage-snapshots/master/nightly/2022/11/12.yaml
  original: nightly-2022-11-12
